// !$*UTF8*$!
{
	archiveVersion = 1;
	classes = {
	};
	objectVersion = 46;
	objects = {

/* Begin PBXBuildFile section */
		8A62D6E61D1128E700742035 /* AppDelegate.swift in Sources */ = {isa = PBXBuildFile; fileRef = 8A62D6E51D1128E700742035 /* AppDelegate.swift */; };
		8A62D6E81D1128E700742035 /* ViewController.swift in Sources */ = {isa = PBXBuildFile; fileRef = 8A62D6E71D1128E700742035 /* ViewController.swift */; };
		8A62D6EB1D1128E700742035 /* Main.storyboard in Resources */ = {isa = PBXBuildFile; fileRef = 8A62D6E91D1128E700742035 /* Main.storyboard */; };
		8A62D6ED1D1128E800742035 /* Assets.xcassets in Resources */ = {isa = PBXBuildFile; fileRef = 8A62D6EC1D1128E800742035 /* Assets.xcassets */; };
		8A62D6F01D1128E800742035 /* LaunchScreen.storyboard in Resources */ = {isa = PBXBuildFile; fileRef = 8A62D6EE1D1128E800742035 /* LaunchScreen.storyboard */; };
		8A62D6FB1D1128E800742035 /* WeatherForecastTests.swift in Sources */ = {isa = PBXBuildFile; fileRef = 8A62D6FA1D1128E800742035 /* WeatherForecastTests.swift */; };
		8A62D7061D112D7000742035 /* Weather.swift in Sources */ = {isa = PBXBuildFile; fileRef = 8A62D7051D112D7000742035 /* Weather.swift */; };
		8A62D7081D112DD500742035 /* WeatherController.swift in Sources */ = {isa = PBXBuildFile; fileRef = 8A62D7071D112DD500742035 /* WeatherController.swift */; };
		8A62D70A1D1130BF00742035 /* WeatherForecastAPI.swift in Sources */ = {isa = PBXBuildFile; fileRef = 8A62D7091D1130BF00742035 /* WeatherForecastAPI.swift */; };
/* End PBXBuildFile section */

/* Begin PBXContainerItemProxy section */
		8A62D6F71D1128E800742035 /* PBXContainerItemProxy */ = {
			isa = PBXContainerItemProxy;
			containerPortal = 8A62D6DA1D1128E700742035 /* Project object */;
			proxyType = 1;
			remoteGlobalIDString = 8A62D6E11D1128E700742035;
			remoteInfo = WeatherForecast;
		};
/* End PBXContainerItemProxy section */

/* Begin PBXFileReference section */
		8A62D6E21D1128E700742035 /* WeatherForecast.app */ = {isa = PBXFileReference; explicitFileType = wrapper.application; includeInIndex = 0; path = WeatherForecast.app; sourceTree = BUILT_PRODUCTS_DIR; };
		8A62D6E51D1128E700742035 /* AppDelegate.swift */ = {isa = PBXFileReference; lastKnownFileType = sourcecode.swift; path = AppDelegate.swift; sourceTree = "<group>"; };
		8A62D6E71D1128E700742035 /* ViewController.swift */ = {isa = PBXFileReference; lastKnownFileType = sourcecode.swift; path = ViewController.swift; sourceTree = "<group>"; };
		8A62D6EA1D1128E700742035 /* Base */ = {isa = PBXFileReference; lastKnownFileType = file.storyboard; name = Base; path = Base.lproj/Main.storyboard; sourceTree = "<group>"; };
		8A62D6EC1D1128E800742035 /* Assets.xcassets */ = {isa = PBXFileReference; lastKnownFileType = folder.assetcatalog; path = Assets.xcassets; sourceTree = "<group>"; };
		8A62D6EF1D1128E800742035 /* Base */ = {isa = PBXFileReference; lastKnownFileType = file.storyboard; name = Base; path = Base.lproj/LaunchScreen.storyboard; sourceTree = "<group>"; };
		8A62D6F11D1128E800742035 /* Info.plist */ = {isa = PBXFileReference; lastKnownFileType = text.plist.xml; path = Info.plist; sourceTree = "<group>"; };
		8A62D6F61D1128E800742035 /* WeatherForecastTests.xctest */ = {isa = PBXFileReference; explicitFileType = wrapper.cfbundle; includeInIndex = 0; path = WeatherForecastTests.xctest; sourceTree = BUILT_PRODUCTS_DIR; };
		8A62D6FA1D1128E800742035 /* WeatherForecastTests.swift */ = {isa = PBXFileReference; lastKnownFileType = sourcecode.swift; path = WeatherForecastTests.swift; sourceTree = "<group>"; };
		8A62D6FC1D1128E800742035 /* Info.plist */ = {isa = PBXFileReference; lastKnownFileType = text.plist.xml; path = Info.plist; sourceTree = "<group>"; };
		8A62D7051D112D7000742035 /* Weather.swift */ = {isa = PBXFileReference; fileEncoding = 4; lastKnownFileType = sourcecode.swift; path = Weather.swift; sourceTree = "<group>"; };
		8A62D7071D112DD500742035 /* WeatherController.swift */ = {isa = PBXFileReference; fileEncoding = 4; lastKnownFileType = sourcecode.swift; path = WeatherController.swift; sourceTree = "<group>"; };
		8A62D7091D1130BF00742035 /* WeatherForecastAPI.swift */ = {isa = PBXFileReference; fileEncoding = 4; lastKnownFileType = sourcecode.swift; path = WeatherForecastAPI.swift; sourceTree = "<group>"; };
/* End PBXFileReference section */

/* Begin PBXFrameworksBuildPhase section */
		8A62D6DF1D1128E700742035 /* Frameworks */ = {
			isa = PBXFrameworksBuildPhase;
			buildActionMask = 2147483647;
			files = (
			);
			runOnlyForDeploymentPostprocessing = 0;
		};
		8A62D6F31D1128E800742035 /* Frameworks */ = {
			isa = PBXFrameworksBuildPhase;
			buildActionMask = 2147483647;
			files = (
			);
			runOnlyForDeploymentPostprocessing = 0;
		};
/* End PBXFrameworksBuildPhase section */

/* Begin PBXGroup section */
		8A62D6D91D1128E700742035 = {
			isa = PBXGroup;
			children = (
				8A62D6E41D1128E700742035 /* WeatherForecast */,
				8A62D6F91D1128E800742035 /* WeatherForecastTests */,
				8A62D6E31D1128E700742035 /* Products */,
			);
			sourceTree = "<group>";
		};
		8A62D6E31D1128E700742035 /* Products */ = {
			isa = PBXGroup;
			children = (
				8A62D6E21D1128E700742035 /* WeatherForecast.app */,
				8A62D6F61D1128E800742035 /* WeatherForecastTests.xctest */,
			);
			name = Products;
			sourceTree = "<group>";
		};
		8A62D6E41D1128E700742035 /* WeatherForecast */ = {
			isa = PBXGroup;
			children = (
				8A62D6E51D1128E700742035 /* AppDelegate.swift */,
				8A62D6E71D1128E700742035 /* ViewController.swift */,
				8A62D7051D112D7000742035 /* Weather.swift */,
				8A62D7071D112DD500742035 /* WeatherController.swift */,
				8A62D7091D1130BF00742035 /* WeatherForecastAPI.swift */,
				8A62D6E91D1128E700742035 /* Main.storyboard */,
				8A62D6EC1D1128E800742035 /* Assets.xcassets */,
				8A62D6EE1D1128E800742035 /* LaunchScreen.storyboard */,
				8A62D6F11D1128E800742035 /* Info.plist */,
			);
			path = WeatherForecast;
			sourceTree = "<group>";
		};
		8A62D6F91D1128E800742035 /* WeatherForecastTests */ = {
			isa = PBXGroup;
			children = (
				8A62D6FA1D1128E800742035 /* WeatherForecastTests.swift */,
				8A62D6FC1D1128E800742035 /* Info.plist */,
			);
			path = WeatherForecastTests;
			sourceTree = "<group>";
		};
/* End PBXGroup section */

/* Begin PBXNativeTarget section */
		8A62D6E11D1128E700742035 /* WeatherForecast */ = {
			isa = PBXNativeTarget;
			buildConfigurationList = 8A62D6FF1D1128E800742035 /* Build configuration list for PBXNativeTarget "WeatherForecast" */;
			buildPhases = (
				8A62D6DE1D1128E700742035 /* Sources */,
				8A62D6DF1D1128E700742035 /* Frameworks */,
				8A62D6E01D1128E700742035 /* Resources */,
			);
			buildRules = (
			);
			dependencies = (
			);
			name = WeatherForecast;
			productName = WeatherForecast;
			productReference = 8A62D6E21D1128E700742035 /* WeatherForecast.app */;
			productType = "com.apple.product-type.application";
		};
		8A62D6F51D1128E800742035 /* WeatherForecastTests */ = {
			isa = PBXNativeTarget;
			buildConfigurationList = 8A62D7021D1128E800742035 /* Build configuration list for PBXNativeTarget "WeatherForecastTests" */;
			buildPhases = (
				8A62D6F21D1128E800742035 /* Sources */,
				8A62D6F31D1128E800742035 /* Frameworks */,
				8A62D6F41D1128E800742035 /* Resources */,
			);
			buildRules = (
			);
			dependencies = (
				8A62D6F81D1128E800742035 /* PBXTargetDependency */,
			);
			name = WeatherForecastTests;
			productName = WeatherForecastTests;
			productReference = 8A62D6F61D1128E800742035 /* WeatherForecastTests.xctest */;
			productType = "com.apple.product-type.bundle.unit-test";
		};
/* End PBXNativeTarget section */

/* Begin PBXProject section */
		8A62D6DA1D1128E700742035 /* Project object */ = {
			isa = PBXProject;
			attributes = {
				LastSwiftUpdateCheck = 0730;
				LastUpgradeCheck = 0730;
				ORGANIZATIONNAME = "Alexey Zhilnikov";
				TargetAttributes = {
					8A62D6E11D1128E700742035 = {
						CreatedOnToolsVersion = 7.3.1;
						DevelopmentTeam = MKA9RVA5U8;
					};
					8A62D6F51D1128E800742035 = {
						CreatedOnToolsVersion = 7.3.1;
						DevelopmentTeam = MKA9RVA5U8;
						TestTargetID = 8A62D6E11D1128E700742035;
					};
				};
			};
			buildConfigurationList = 8A62D6DD1D1128E700742035 /* Build configuration list for PBXProject "WeatherForecast" */;
			compatibilityVersion = "Xcode 3.2";
			developmentRegion = English;
			hasScannedForEncodings = 0;
			knownRegions = (
				en,
				Base,
			);
			mainGroup = 8A62D6D91D1128E700742035;
			productRefGroup = 8A62D6E31D1128E700742035 /* Products */;
			projectDirPath = "";
			projectRoot = "";
			targets = (
				8A62D6E11D1128E700742035 /* WeatherForecast */,
				8A62D6F51D1128E800742035 /* WeatherForecastTests */,
			);
		};
/* End PBXProject section */

/* Begin PBXResourcesBuildPhase section */
		8A62D6E01D1128E700742035 /* Resources */ = {
			isa = PBXResourcesBuildPhase;
			buildActionMask = 2147483647;
			files = (
				8A62D6F01D1128E800742035 /* LaunchScreen.storyboard in Resources */,
				8A62D6ED1D1128E800742035 /* Assets.xcassets in Resources */,
				8A62D6EB1D1128E700742035 /* Main.storyboard in Resources */,
			);
			runOnlyForDeploymentPostprocessing = 0;
		};
		8A62D6F41D1128E800742035 /* Resources */ = {
			isa = PBXResourcesBuildPhase;
			buildActionMask = 2147483647;
			files = (
			);
			runOnlyForDeploymentPostprocessing = 0;
		};
/* End PBXResourcesBuildPhase section */

/* Begin PBXSourcesBuildPhase section */
		8A62D6DE1D1128E700742035 /* Sources */ = {
			isa = PBXSourcesBuildPhase;
			buildActionMask = 2147483647;
			files = (
				8A62D6E81D1128E700742035 /* ViewController.swift in Sources */,
				8A62D70A1D1130BF00742035 /* WeatherForecastAPI.swift in Sources */,
				8A62D7061D112D7000742035 /* Weather.swift in Sources */,
				8A62D7081D112DD500742035 /* WeatherController.swift in Sources */,
				8A62D6E61D1128E700742035 /* AppDelegate.swift in Sources */,
			);
			runOnlyForDeploymentPostprocessing = 0;
		};
		8A62D6F21D1128E800742035 /* Sources */ = {
			isa = PBXSourcesBuildPhase;
			buildActionMask = 2147483647;
			files = (
				8A62D6FB1D1128E800742035 /* WeatherForecastTests.swift in Sources */,
			);
			runOnlyForDeploymentPostprocessing = 0;
		};
/* End PBXSourcesBuildPhase section */

/* Begin PBXTargetDependency section */
		8A62D6F81D1128E800742035 /* PBXTargetDependency */ = {
			isa = PBXTargetDependency;
			target = 8A62D6E11D1128E700742035 /* WeatherForecast */;
			targetProxy = 8A62D6F71D1128E800742035 /* PBXContainerItemProxy */;
		};
/* End PBXTargetDependency section */

/* Begin PBXVariantGroup section */
		8A62D6E91D1128E700742035 /* Main.storyboard */ = {
			isa = PBXVariantGroup;
			children = (
				8A62D6EA1D1128E700742035 /* Base */,
			);
			name = Main.storyboard;
			sourceTree = "<group>";
		};
		8A62D6EE1D1128E800742035 /* LaunchScreen.storyboard */ = {
			isa = PBXVariantGroup;
			children = (
				8A62D6EF1D1128E800742035 /* Base */,
			);
			name = LaunchScreen.storyboard;
			sourceTree = "<group>";
		};
/* End PBXVariantGroup section */

/* Begin XCBuildConfiguration section */
		8A62D6FD1D1128E800742035 /* Debug */ = {
			isa = XCBuildConfiguration;
			buildSettings = {
				ALWAYS_SEARCH_USER_PATHS = NO;
				CLANG_ANALYZER_NONNULL = YES;
				CLANG_CXX_LANGUAGE_STANDARD = "gnu++0x";
				CLANG_CXX_LIBRARY = "libc++";
				CLANG_ENABLE_MODULES = YES;
				CLANG_ENABLE_OBJC_ARC = YES;
				CLANG_WARN_BOOL_CONVERSION = YES;
				CLANG_WARN_CONSTANT_CONVERSION = YES;
				CLANG_WARN_DIRECT_OBJC_ISA_USAGE = YES_ERROR;
				CLANG_WARN_EMPTY_BODY = YES;
				CLANG_WARN_ENUM_CONVERSION = YES;
				CLANG_WARN_INT_CONVERSION = YES;
				CLANG_WARN_OBJC_ROOT_CLASS = YES_ERROR;
				CLANG_WARN_UNREACHABLE_CODE = YES;
				CLANG_WARN__DUPLICATE_METHOD_MATCH = YES;
				"CODE_SIGN_IDENTITY[sdk=iphoneos*]" = "iPhone Developer";
				COPY_PHASE_STRIP = NO;
				DEBUG_INFORMATION_FORMAT = dwarf;
				ENABLE_STRICT_OBJC_MSGSEND = YES;
				ENABLE_TESTABILITY = YES;
				GCC_C_LANGUAGE_STANDARD = gnu99;
				GCC_DYNAMIC_NO_PIC = NO;
				GCC_NO_COMMON_BLOCKS = YES;
				GCC_OPTIMIZATION_LEVEL = 0;
				GCC_PREPROCESSOR_DEFINITIONS = (
					"DEBUG=1",
					"$(inherited)",
				);
				GCC_WARN_64_TO_32_BIT_CONVERSION = YES;
				GCC_WARN_ABOUT_RETURN_TYPE = YES_ERROR;
				GCC_WARN_UNDECLARED_SELECTOR = YES;
				GCC_WARN_UNINITIALIZED_AUTOS = YES_AGGRESSIVE;
				GCC_WARN_UNUSED_FUNCTION = YES;
				GCC_WARN_UNUSED_VARIABLE = YES;
				IPHONEOS_DEPLOYMENT_TARGET = 9.3;
				MTL_ENABLE_DEBUG_INFO = YES;
				ONLY_ACTIVE_ARCH = YES;
				SDKROOT = iphoneos;
				SWIFT_OPTIMIZATION_LEVEL = "-Onone";
				TARGETED_DEVICE_FAMILY = "1,2";
			};
			name = Debug;
		};
		8A62D6FE1D1128E800742035 /* Release */ = {
			isa = XCBuildConfiguration;
			buildSettings = {
				ALWAYS_SEARCH_USER_PATHS = NO;
				CLANG_ANALYZER_NONNULL = YES;
				CLANG_CXX_LANGUAGE_STANDARD = "gnu++0x";
				CLANG_CXX_LIBRARY = "libc++";
				CLANG_ENABLE_MODULES = YES;
				CLANG_ENABLE_OBJC_ARC = YES;
				CLANG_WARN_BOOL_CONVERSION = YES;
				CLANG_WARN_CONSTANT_CONVERSION = YES;
				CLANG_WARN_DIRECT_OBJC_ISA_USAGE = YES_ERROR;
				CLANG_WARN_EMPTY_BODY = YES;
				CLANG_WARN_ENUM_CONVERSION = YES;
				CLANG_WARN_INT_CONVERSION = YES;
				CLANG_WARN_OBJC_ROOT_CLASS = YES_ERROR;
				CLANG_WARN_UNREACHABLE_CODE = YES;
				CLANG_WARN__DUPLICATE_METHOD_MATCH = YES;
				"CODE_SIGN_IDENTITY[sdk=iphoneos*]" = "iPhone Developer";
				COPY_PHASE_STRIP = NO;
				DEBUG_INFORMATION_FORMAT = "dwarf-with-dsym";
				ENABLE_NS_ASSERTIONS = NO;
				ENABLE_STRICT_OBJC_MSGSEND = YES;
				GCC_C_LANGUAGE_STANDARD = gnu99;
				GCC_NO_COMMON_BLOCKS = YES;
				GCC_WARN_64_TO_32_BIT_CONVERSION = YES;
				GCC_WARN_ABOUT_RETURN_TYPE = YES_ERROR;
				GCC_WARN_UNDECLARED_SELECTOR = YES;
				GCC_WARN_UNINITIALIZED_AUTOS = YES_AGGRESSIVE;
				GCC_WARN_UNUSED_FUNCTION = YES;
				GCC_WARN_UNUSED_VARIABLE = YES;
				IPHONEOS_DEPLOYMENT_TARGET = 9.3;
				MTL_ENABLE_DEBUG_INFO = NO;
				SDKROOT = iphoneos;
				TARGETED_DEVICE_FAMILY = "1,2";
				VALIDATE_PRODUCT = YES;
			};
			name = Release;
		};
		8A62D7001D1128E800742035 /* Debug */ = {
			isa = XCBuildConfiguration;
			buildSettings = {
				ASSETCATALOG_COMPILER_APPICON_NAME = AppIcon;
				INFOPLIST_FILE = WeatherForecast/Info.plist;
				LD_RUNPATH_SEARCH_PATHS = "$(inherited) @executable_path/Frameworks";
				PRODUCT_BUNDLE_IDENTIFIER = az.WeatherForecast;
				PRODUCT_NAME = "$(TARGET_NAME)";
			};
			name = Debug;
		};
		8A62D7011D1128E800742035 /* Release */ = {
			isa = XCBuildConfiguration;
			buildSettings = {
				ASSETCATALOG_COMPILER_APPICON_NAME = AppIcon;
				INFOPLIST_FILE = WeatherForecast/Info.plist;
				LD_RUNPATH_SEARCH_PATHS = "$(inherited) @executable_path/Frameworks";
				PRODUCT_BUNDLE_IDENTIFIER = az.WeatherForecast;
				PRODUCT_NAME = "$(TARGET_NAME)";
			};
			name = Release;
		};
		8A62D7031D1128E800742035 /* Debug */ = {
			isa = XCBuildConfiguration;
			buildSettings = {
				BUNDLE_LOADER = "$(TEST_HOST)";
				INFOPLIST_FILE = WeatherForecastTests/Info.plist;
				LD_RUNPATH_SEARCH_PATHS = "$(inherited) @executable_path/Frameworks @loader_path/Frameworks";
				PRODUCT_BUNDLE_IDENTIFIER = az.WeatherForecastTests;
				PRODUCT_NAME = "$(TARGET_NAME)";
				TEST_HOST = "$(BUILT_PRODUCTS_DIR)/WeatherForecast.app/WeatherForecast";
			};
			name = Debug;
		};
		8A62D7041D1128E800742035 /* Release */ = {
			isa = XCBuildConfiguration;
			buildSettings = {
				BUNDLE_LOADER = "$(TEST_HOST)";
				INFOPLIST_FILE = WeatherForecastTests/Info.plist;
				LD_RUNPATH_SEARCH_PATHS = "$(inherited) @executable_path/Frameworks @loader_path/Frameworks";
				PRODUCT_BUNDLE_IDENTIFIER = az.WeatherForecastTests;
				PRODUCT_NAME = "$(TARGET_NAME)";
				TEST_HOST = "$(BUILT_PRODUCTS_DIR)/WeatherForecast.app/WeatherForecast";
			};
			name = Release;
		};
/* End XCBuildConfiguration section */

/* Begin XCConfigurationList section */
		8A62D6DD1D1128E700742035 /* Build configuration list for PBXProject "WeatherForecast" */ = {
			isa = XCConfigurationList;
			buildConfigurations = (
				8A62D6FD1D1128E800742035 /* Debug */,
				8A62D6FE1D1128E800742035 /* Release */,
			);
			defaultConfigurationIsVisible = 0;
			defaultConfigurationName = Release;
		};
		8A62D6FF1D1128E800742035 /* Build configuration list for PBXNativeTarget "WeatherForecast" */ = {
			isa = XCConfigurationList;
			buildConfigurations = (
				8A62D7001D1128E800742035 /* Debug */,
				8A62D7011D1128E800742035 /* Release */,
			);
			defaultConfigurationIsVisible = 0;
		};
		8A62D7021D1128E800742035 /* Build configuration list for PBXNativeTarget "WeatherForecastTests" */ = {
			isa = XCConfigurationList;
			buildConfigurations = (
				8A62D7031D1128E800742035 /* Debug */,
				8A62D7041D1128E800742035 /* Release */,
			);
			defaultConfigurationIsVisible = 0;
		};
/* End XCConfigurationList section */
	};
	rootObject = 8A62D6DA1D1128E700742035 /* Project object */;
}
